// !$*UTF8*$!
{
	archiveVersion = 1;
	classes = {
	};
	objectVersion = 46;
	objects = {

/* Begin PBXBuildFile section */
		24E8BE031DA2967D00E90526 /* AppDelegate.swift in Sources */ = {isa = PBXBuildFile; fileRef = 24E8BE021DA2967D00E90526 /* AppDelegate.swift */; };
		24E8BE051DA2967D00E90526 /* ViewController.swift in Sources */ = {isa = PBXBuildFile; fileRef = 24E8BE041DA2967D00E90526 /* ViewController.swift */; };
		24E8BE081DA2967D00E90526 /* Main.storyboard in Resources */ = {isa = PBXBuildFile; fileRef = 24E8BE061DA2967D00E90526 /* Main.storyboard */; };
		24E8BE0A1DA2967D00E90526 /* Assets.xcassets in Resources */ = {isa = PBXBuildFile; fileRef = 24E8BE091DA2967D00E90526 /* Assets.xcassets */; };
		24E8BE0D1DA2967D00E90526 /* LaunchScreen.storyboard in Resources */ = {isa = PBXBuildFile; fileRef = 24E8BE0B1DA2967D00E90526 /* LaunchScreen.storyboard */; };
		24E8BE171DA2999500E90526 /* updatedViewController.swift in Sources */ = {isa = PBXBuildFile; fileRef = 24E8BE161DA2999500E90526 /* updatedViewController.swift */; };
/* End PBXBuildFile section */

/* Begin PBXFileReference section */
		24E8BDFF1DA2967C00E90526 /* PracticeProject.app */ = {isa = PBXFileReference; explicitFileType = wrapper.application; includeInIndex = 0; path = PracticeProject.app; sourceTree = BUILT_PRODUCTS_DIR; };
		24E8BE021DA2967D00E90526 /* AppDelegate.swift */ = {isa = PBXFileReference; lastKnownFileType = sourcecode.swift; path = AppDelegate.swift; sourceTree = "<group>"; };
		24E8BE041DA2967D00E90526 /* ViewController.swift */ = {isa = PBXFileReference; lastKnownFileType = sourcecode.swift; path = ViewController.swift; sourceTree = "<group>"; };
		24E8BE071DA2967D00E90526 /* Base */ = {isa = PBXFileReference; lastKnownFileType = file.storyboard; name = Base; path = Base.lproj/Main.storyboard; sourceTree = "<group>"; };
		24E8BE091DA2967D00E90526 /* Assets.xcassets */ = {isa = PBXFileReference; lastKnownFileType = folder.assetcatalog; path = Assets.xcassets; sourceTree = "<group>"; };
		24E8BE0C1DA2967D00E90526 /* Base */ = {isa = PBXFileReference; lastKnownFileType = file.storyboard; name = Base; path = Base.lproj/LaunchScreen.storyboard; sourceTree = "<group>"; };
		24E8BE0E1DA2967D00E90526 /* Info.plist */ = {isa = PBXFileReference; lastKnownFileType = text.plist.xml; path = Info.plist; sourceTree = "<group>"; };
		24E8BE161DA2999500E90526 /* updatedViewController.swift */ = {isa = PBXFileReference; fileEncoding = 4; lastKnownFileType = sourcecode.swift; name = updatedViewController.swift; path = "untitled folder/updatedViewController.swift"; sourceTree = "<group>"; };
/* End PBXFileReference section */

/* Begin PBXFrameworksBuildPhase section */
		24E8BDFC1DA2967C00E90526 /* Frameworks */ = {
			isa = PBXFrameworksBuildPhase;
			buildActionMask = 2147483647;
			files = (
			);
			runOnlyForDeploymentPostprocessing = 0;
		};
/* End PBXFrameworksBuildPhase section */

/* Begin PBXGroup section */
		24E8BDF61DA2967C00E90526 = {
			isa = PBXGroup;
			children = (
				24E8BE011DA2967C00E90526 /* PracticeProject */,
				24E8BE001DA2967C00E90526 /* Products */,
			);
			sourceTree = "<group>";
		};
		24E8BE001DA2967C00E90526 /* Products */ = {
			isa = PBXGroup;
			children = (
				24E8BDFF1DA2967C00E90526 /* PracticeProject.app */,
			);
			name = Products;
			sourceTree = "<group>";
		};
		24E8BE011DA2967C00E90526 /* PracticeProject */ = {
			isa = PBXGroup;
			children = (
				24E8BE141DA2988A00E90526 /* Controller */,
				24E8BE151DA298A700E90526 /* View */,
				24E8BE091DA2967D00E90526 /* Assets.xcassets */,
				24E8BE0E1DA2967D00E90526 /* Info.plist */,
			);
			path = PracticeProject;
			sourceTree = "<group>";
		};
		24E8BE141DA2988A00E90526 /* Controller */ = {
			isa = PBXGroup;
			children = (
				24E8BE041DA2967D00E90526 /* ViewController.swift */,
				24E8BE021DA2967D00E90526 /* AppDelegate.swift */,
				24E8BE161DA2999500E90526 /* updatedViewController.swift */,
			);
			name = Controller;
			sourceTree = "<group>";
		};
		24E8BE151DA298A700E90526 /* View */ = {
			isa = PBXGroup;
			children = (
				24E8BE061DA2967D00E90526 /* Main.storyboard */,
				24E8BE0B1DA2967D00E90526 /* LaunchScreen.storyboard */,
			);
			name = View;
			sourceTree = "<group>";
		};
/* End PBXGroup section */

/* Begin PBXNativeTarget section */
		24E8BDFE1DA2967C00E90526 /* PracticeProject */ = {
			isa = PBXNativeTarget;
			buildConfigurationList = 24E8BE111DA2967D00E90526 /* Build configuration list for PBXNativeTarget "PracticeProject" */;
			buildPhases = (
				24E8BDFB1DA2967C00E90526 /* Sources */,
				24E8BDFC1DA2967C00E90526 /* Frameworks */,
				24E8BDFD1DA2967C00E90526 /* Resources */,
			);
			buildRules = (
			);
			dependencies = (
			);
			name = PracticeProject;
			productName = PracticeProject;
			productReference = 24E8BDFF1DA2967C00E90526 /* PracticeProject.app */;
			productType = "com.apple.product-type.application";
		};
/* End PBXNativeTarget section */

/* Begin PBXProject section */
		24E8BDF71DA2967C00E90526 /* Project object */ = {
			isa = PBXProject;
			attributes = {
				LastSwiftUpdateCheck = 0720;
				LastUpgradeCheck = 0720;
				ORGANIZATIONNAME = "Farr, Aaron";
				TargetAttributes = {
					24E8BDFE1DA2967C00E90526 = {
						CreatedOnToolsVersion = 7.2;
					};
				};
			};
			buildConfigurationList = 24E8BDFA1DA2967C00E90526 /* Build configuration list for PBXProject "PracticeProject" */;
			compatibilityVersion = "Xcode 3.2";
			developmentRegion = English;
			hasScannedForEncodings = 0;
			knownRegions = (
				en,
				Base,
			);
			mainGroup = 24E8BDF61DA2967C00E90526;
			productRefGroup = 24E8BE001DA2967C00E90526 /* Products */;
			projectDirPath = "";
			projectRoot = "";
			targets = (
				24E8BDFE1DA2967C00E90526 /* PracticeProject */,
			);
		};
/* End PBXProject section */

/* Begin PBXResourcesBuildPhase section */
		24E8BDFD1DA2967C00E90526 /* Resources */ = {
			isa = PBXResourcesBuildPhase;
			buildActionMask = 2147483647;
			files = (
				24E8BE0D1DA2967D00E90526 /* LaunchScreen.storyboard in Resources */,
				24E8BE0A1DA2967D00E90526 /* Assets.xcassets in Resources */,
				24E8BE081DA2967D00E90526 /* Main.storyboard in Resources */,
			);
			runOnlyForDeploymentPostprocessing = 0;
		};
/* End PBXResourcesBuildPhase section */

/* Begin PBXSourcesBuildPhase section */
		24E8BDFB1DA2967C00E90526 /* Sources */ = {
			isa = PBXSourcesBuildPhase;
			buildActionMask = 2147483647;
			files = (
				24E8BE051DA2967D00E90526 /* ViewController.swift in Sources */,
				24E8BE031DA2967D00E90526 /* AppDelegate.swift in Sources */,
				24E8BE171DA2999500E90526 /* updatedViewController.swift in Sources */,
			);
			runOnlyForDeploymentPostprocessing = 0;
		};
/* End PBXSourcesBuildPhase section */

/* Begin PBXVariantGroup section */
		24E8BE061DA2967D00E90526 /* Main.storyboard */ = {
			isa = PBXVariantGroup;
			children = (
				24E8BE071DA2967D00E90526 /* Base */,
			);
			name = Main.storyboard;
			sourceTree = "<group>";
		};
		24E8BE0B1DA2967D00E90526 /* LaunchScreen.storyboard */ = {
			isa = PBXVariantGroup;
			children = (
				24E8BE0C1DA2967D00E90526 /* Base */,
			);
			name = LaunchScreen.storyboard;
			sourceTree = "<group>";
		};
/* End PBXVariantGroup section */

/* Begin XCBuildConfiguration section */
		24E8BE0F1DA2967D00E90526 /* Debug */ = {
			isa = XCBuildConfiguration;
			buildSettings = {
				ALWAYS_SEARCH_USER_PATHS = NO;
				CLANG_CXX_LANGUAGE_STANDARD = "gnu++0x";
				CLANG_CXX_LIBRARY = "libc++";
				CLANG_ENABLE_MODULES = YES;
				CLANG_ENABLE_OBJC_ARC = YES;
				CLANG_WARN_BOOL_CONVERSION = YES;
				CLANG_WARN_CONSTANT_CONVERSION = YES;
				CLANG_WARN_DIRECT_OBJC_ISA_USAGE = YES_ERROR;
				CLANG_WARN_EMPTY_BODY = YES;
				CLANG_WARN_ENUM_CONVERSION = YES;
				CLANG_WARN_INT_CONVERSION = YES;
				CLANG_WARN_OBJC_ROOT_CLASS = YES_ERROR;
				CLANG_WARN_UNREACHABLE_CODE = YES;
				CLANG_WARN__DUPLICATE_METHOD_MATCH = YES;
				"CODE_SIGN_IDENTITY[sdk=iphoneos*]" = "iPhone Developer";
				COPY_PHASE_STRIP = NO;
				DEBUG_INFORMATION_FORMAT = dwarf;
				ENABLE_STRICT_OBJC_MSGSEND = YES;
				ENABLE_TESTABILITY = YES;
				GCC_C_LANGUAGE_STANDARD = gnu99;
				GCC_DYNAMIC_NO_PIC = NO;
				GCC_NO_COMMON_BLOCKS = YES;
				GCC_OPTIMIZATION_LEVEL = 0;
				GCC_PREPROCESSOR_DEFINITIONS = (
					"DEBUG=1",
					"$(inherited)",
				);
				GCC_WARN_64_TO_32_BIT_CONVERSION = YES;
				GCC_WARN_ABOUT_RETURN_TYPE = YES_ERROR;
				GCC_WARN_UNDECLARED_SELECTOR = YES;
				GCC_WARN_UNINITIALIZED_AUTOS = YES_AGGRESSIVE;
				GCC_WARN_UNUSED_FUNCTION = YES;
				GCC_WARN_UNUSED_VARIABLE = YES;
				IPHONEOS_DEPLOYMENT_TARGET = 9.2;
				MTL_ENABLE_DEBUG_INFO = YES;
				ONLY_ACTIVE_ARCH = YES;
				SDKROOT = iphoneos;
				SWIFT_OPTIMIZATION_LEVEL = "-Onone";
				TARGETED_DEVICE_FAMILY = "1,2";
			};
			name = Debug;
		};
		24E8BE101DA2967D00E90526 /* Release */ = {
			isa = XCBuildConfiguration;
			buildSettings = {
				ALWAYS_SEARCH_USER_PATHS = NO;
				CLANG_CXX_LANGUAGE_STANDARD = "gnu++0x";
				CLANG_CXX_LIBRARY = "libc++";
				CLANG_ENABLE_MODULES = YES;
				CLANG_ENABLE_OBJC_ARC = YES;
				CLANG_WARN_BOOL_CONVERSION = YES;
				CLANG_WARN_CONSTANT_CONVERSION = YES;
				CLANG_WARN_DIRECT_OBJC_ISA_USAGE = YES_ERROR;
				CLANG_WARN_EMPTY_BODY = YES;
				CLANG_WARN_ENUM_CONVERSION = YES;
				CLANG_WARN_INT_CONVERSION = YES;
				CLANG_WARN_OBJC_ROOT_CLASS = YES_ERROR;
				CLANG_WARN_UNREACHABLE_CODE = YES;
				CLANG_WARN__DUPLICATE_METHOD_MATCH = YES;
				"CODE_SIGN_IDENTITY[sdk=iphoneos*]" = "iPhone Developer";
				COPY_PHASE_STRIP = NO;
				DEBUG_INFORMATION_FORMAT = "dwarf-with-dsym";
				ENABLE_NS_ASSERTIONS = NO;
				ENABLE_STRICT_OBJC_MSGSEND = YES;
				GCC_C_LANGUAGE_STANDARD = gnu99;
				GCC_NO_COMMON_BLOCKS = YES;
				GCC_WARN_64_TO_32_BIT_CONVERSION = YES;
				GCC_WARN_ABOUT_RETURN_TYPE = YES_ERROR;
				GCC_WARN_UNDECLARED_SELECTOR = YES;
				GCC_WARN_UNINITIALIZED_AUTOS = YES_AGGRESSIVE;
				GCC_WARN_UNUSED_FUNCTION = YES;
				GCC_WARN_UNUSED_VARIABLE = YES;
				IPHONEOS_DEPLOYMENT_TARGET = 9.2;
				MTL_ENABLE_DEBUG_INFO = NO;
				SDKROOT = iphoneos;
				TARGETED_DEVICE_FAMILY = "1,2";
				VALIDATE_PRODUCT = YES;
			};
			name = Release;
		};
		24E8BE121DA2967D00E90526 /* Debug */ = {
			isa = XCBuildConfiguration;
			buildSettings = {
				ASSETCATALOG_COMPILER_APPICON_NAME = AppIcon;
				INFOPLIST_FILE = PracticeProject/Info.plist;
				LD_RUNPATH_SEARCH_PATHS = "$(inherited) @executable_path/Frameworks";
				PRODUCT_BUNDLE_IDENTIFIER = "Farr--Aaron.PracticeProject";
				PRODUCT_NAME = "$(TARGET_NAME)";
			};
			name = Debug;
		};
		24E8BE131DA2967D00E90526 /* Release */ = {
			isa = XCBuildConfiguration;
			buildSettings = {
				ASSETCATALOG_COMPILER_APPICON_NAME = AppIcon;
				INFOPLIST_FILE = PracticeProject/Info.plist;
				LD_RUNPATH_SEARCH_PATHS = "$(inherited) @executable_path/Frameworks";
				PRODUCT_BUNDLE_IDENTIFIER = "Farr--Aaron.PracticeProject";
				PRODUCT_NAME = "$(TARGET_NAME)";
			};
			name = Release;
		};
/* End XCBuildConfiguration section */

/* Begin XCConfigurationList section */
		24E8BDFA1DA2967C00E90526 /* Build configuration list for PBXProject "PracticeProject" */ = {
			isa = XCConfigurationList;
			buildConfigurations = (
				24E8BE0F1DA2967D00E90526 /* Debug */,
				24E8BE101DA2967D00E90526 /* Release */,
			);
			defaultConfigurationIsVisible = 0;
			defaultConfigurationName = Release;
		};
		24E8BE111DA2967D00E90526 /* Build configuration list for PBXNativeTarget "PracticeProject" */ = {
			isa = XCConfigurationList;
			buildConfigurations = (
				24E8BE121DA2967D00E90526 /* Debug */,
				24E8BE131DA2967D00E90526 /* Release */,
			);
			defaultConfigurationIsVisible = 0;
		};
/* End XCConfigurationList section */
	};
	rootObject = 24E8BDF71DA2967C00E90526 /* Project object */;
}
